
Microsoft Visual Studio Solution File, Format Version 12.00
# Visual Studio 15
Project("{FAE04EC0-301F-11D3-BF4B-00C04F79EFBC}") = "UnityAudioMIDIKit.Core", "UnityAudioMIDIKit.Core\UnityAudioMIDIKit.Core.csproj", "{8C6FAD39-9DAD-4684-B987-4C108ADBD12A}"
EndProject
Project("{FAE04EC0-301F-11D3-BF4B-00C04F79EFBC}") = "DevConsole", "DevConsole\DevConsole.csproj", "{EBB1D10D-E0D2-4C75-B959-90FE739ADCB2}"
EndProject
Project("{FAE04EC0-301F-11D3-BF4B-00C04F79EFBC}") = "UnityAudioMIDIKit.Core.Mac", "UnityAudioMIDIKit.Core.Mac\UnityAudioMIDIKit.Core.Mac.csproj", "{AB09A49F-AA46-41DD-B247-2BADA778DD4D}"
EndProject
Project("{FAE04EC0-301F-11D3-BF4B-00C04F79EFBC}") = "UnityAudioMIDIKit", "UnityAudioMIDIKit\UnityAudioMIDIKit.csproj", "{45394F8D-236D-45F8-A79A-E86CA8C5D9F1}"
EndProject
Global
	GlobalSection(SolutionConfigurationCores) = preSolution
		Debug|Any CPU = Debug|Any CPU
		Release|Any CPU = Release|Any CPU
	EndGlobalSection
	GlobalSection(ProjectConfigurationCores) = postSolution
		{00B346AF-7073-4943-9C7B-2568713B9247}.Debug|Any CPU.ActiveCfg = Debug|Any CPU
		{00B346AF-7073-4943-9C7B-2568713B9247}.Debug|Any CPU.Build.0 = Debug|Any CPU
		{00B346AF-7073-4943-9C7B-2568713B9247}.Release|Any CPU.ActiveCfg = Release|Any CPU
		{00B346AF-7073-4943-9C7B-2568713B9247}.Release|Any CPU.Build.0 = Release|Any CPU
		{8C6FAD39-9DAD-4684-B987-4C108ADBD12A}.Debug|Any CPU.ActiveCfg = Debug|Any CPU
		{8C6FAD39-9DAD-4684-B987-4C108ADBD12A}.Debug|Any CPU.Build.0 = Debug|Any CPU
		{8C6FAD39-9DAD-4684-B987-4C108ADBD12A}.Release|Any CPU.ActiveCfg = Release|Any CPU
		{8C6FAD39-9DAD-4684-B987-4C108ADBD12A}.Release|Any CPU.Build.0 = Release|Any CPU
		{AB09A49F-AA46-41DD-B247-2BADA778DD4D}.Debug|Any CPU.ActiveCfg = Debug|Any CPU
		{AB09A49F-AA46-41DD-B247-2BADA778DD4D}.Debug|Any CPU.Build.0 = Debug|Any CPU
		{AB09A49F-AA46-41DD-B247-2BADA778DD4D}.Release|Any CPU.ActiveCfg = Release|Any CPU
		{AB09A49F-AA46-41DD-B247-2BADA778DD4D}.Release|Any CPU.Build.0 = Release|Any CPU
		{EBB1D10D-E0D2-4C75-B959-90FE739ADCB2}.Debug|Any CPU.ActiveCfg = Debug|Any CPU
		{EBB1D10D-E0D2-4C75-B959-90FE739ADCB2}.Debug|Any CPU.Build.0 = Debug|Any CPU
		{EBB1D10D-E0D2-4C75-B959-90FE739ADCB2}.Release|Any CPU.ActiveCfg = Release|Any CPU
		{EBB1D10D-E0D2-4C75-B959-90FE739ADCB2}.Release|Any CPU.Build.0 = Release|Any CPU
		{8464F71A-9DBC-406C-8EDD-7AC4C3186B13}.Debug|Any CPU.ActiveCfg = Debug|Any CPU
		{8464F71A-9DBC-406C-8EDD-7AC4C3186B13}.Debug|Any CPU.Build.0 = Debug|Any CPU
		{8464F71A-9DBC-406C-8EDD-7AC4C3186B13}.Release|Any CPU.ActiveCfg = Release|Any CPU
		{8464F71A-9DBC-406C-8EDD-7AC4C3186B13}.Release|Any CPU.Build.0 = Release|Any CPU
	EndGlobalSection
	GlobalSection(ProjectConfigurationPlatforms) = postSolution
		{8C6FAD39-9DAD-4684-B987-4C108ADBD12A}.Mac - Debug|Any CPU.ActiveCfg = Debug|Any CPU
		{8C6FAD39-9DAD-4684-B987-4C108ADBD12A}.Mac - Debug|Any CPU.Build.0 = Debug|Any CPU
		{8C6FAD39-9DAD-4684-B987-4C108ADBD12A}.Mac - Release|Any CPU.ActiveCfg = Release|Any CPU
		{8C6FAD39-9DAD-4684-B987-4C108ADBD12A}.Mac - Release|Any CPU.Build.0 = Release|Any CPU
		{EBB1D10D-E0D2-4C75-B959-90FE739ADCB2}.Mac - Debug|Any CPU.ActiveCfg = Debug|Any CPU
		{EBB1D10D-E0D2-4C75-B959-90FE739ADCB2}.Mac - Debug|Any CPU.Build.0 = Debug|Any CPU
		{EBB1D10D-E0D2-4C75-B959-90FE739ADCB2}.Mac - Release|Any CPU.ActiveCfg = Release|Any CPU
		{EBB1D10D-E0D2-4C75-B959-90FE739ADCB2}.Mac - Release|Any CPU.Build.0 = Release|Any CPU
		{AB09A49F-AA46-41DD-B247-2BADA778DD4D}.Mac - Debug|Any CPU.ActiveCfg = Debug|Any CPU
		{AB09A49F-AA46-41DD-B247-2BADA778DD4D}.Mac - Debug|Any CPU.Build.0 = Debug|Any CPU
		{AB09A49F-AA46-41DD-B247-2BADA778DD4D}.Mac - Release|Any CPU.ActiveCfg = Release|Any CPU
		{AB09A49F-AA46-41DD-B247-2BADA778DD4D}.Mac - Release|Any CPU.Build.0 = Release|Any CPU
		{45394F8D-236D-45F8-A79A-E86CA8C5D9F1}.Mac - Debug|Any CPU.ActiveCfg = Mac - Debug|Any CPU
		{45394F8D-236D-45F8-A79A-E86CA8C5D9F1}.Mac - Debug|Any CPU.Build.0 = Mac - Debug|Any CPU
		{45394F8D-236D-45F8-A79A-E86CA8C5D9F1}.Mac - Release|Any CPU.ActiveCfg = Mac - Release|Any CPU
		{45394F8D-236D-45F8-A79A-E86CA8C5D9F1}.Mac - Release|Any CPU.Build.0 = Mac - Release|Any CPU
	EndGlobalSection
	GlobalSection(SolutionConfigurationPlatforms) = preSolution
		Mac - Debug|Any CPU = Mac - Debug|Any CPU
		Mac - Release|Any CPU = Mac - Release|Any CPU
		Debug|Any CPU = Debug|Any CPU
		Release|Any CPU = Release|Any CPU
	EndGlobalSection
EndGlobal
